
Microsoft Visual Studio Solution File, Format Version 12.00
# Visual Studio 14
VisualStudioVersion = 14.0.25420.1
MinimumVisualStudioVersion = 10.0.40219.1
Project("{FAE04EC0-301F-11D3-BF4B-00C04F79EFBC}") = "beardthingV2", "beardthingV2\beardthingV2.csproj", "{5960A3BA-8B87-4AF2-B28A-44198C0DC111}"
EndProject
Global
	GlobalSection(SolutionConfigurationPlatforms) = preSolution
		Debug|Any CPU = Debug|Any CPU
		Release|Any CPU = Release|Any CPU
	EndGlobalSection
	GlobalSection(ProjectConfigurationPlatforms) = postSolution
		{5960A3BA-8B87-4AF2-B28A-44198C0DC111}.Debug|Any CPU.ActiveCfg = Debug|Any CPU
		{5960A3BA-8B87-4AF2-B28A-44198C0DC111}.Debug|Any CPU.Build.0 = Debug|Any CPU
		{5960A3BA-8B87-4AF2-B28A-44198C0DC111}.Release|Any CPU.ActiveCfg = Release|Any CPU
		{5960A3BA-8B87-4AF2-B28A-44198C0DC111}.Release|Any CPU.Build.0 = Release|Any CPU
	EndGlobalSection
	GlobalSection(SolutionProperties) = preSolution
		HideSolutionNode = FALSE
	EndGlobalSection
EndGlobal
